
Microsoft Visual Studio Solution File, Format Version 12.00
# Visual Studio Version 17
VisualStudioVersion = 17.6.33815.320
MinimumVisualStudioVersion = 10.0.40219.1
Project("{FAE04EC0-301F-11D3-BF4B-00C04F79EFBC}") = "ConsoleApp9", "ConsoleApp9\ConsoleApp9.csproj", "{41C4579B-3A6E-472A-B592-3F860C7F64D1}"
EndProject
Global
	GlobalSection(SolutionConfigurationPlatforms) = preSolution
		Debug|Any CPU = Debug|Any CPU
		Release|Any CPU = Release|Any CPU
	EndGlobalSection
	GlobalSection(ProjectConfigurationPlatforms) = postSolution
		{41C4579B-3A6E-472A-B592-3F860C7F64D1}.Debug|Any CPU.ActiveCfg = Debug|Any CPU
		{41C4579B-3A6E-472A-B592-3F860C7F64D1}.Debug|Any CPU.Build.0 = Debug|Any CPU
		{41C4579B-3A6E-472A-B592-3F860C7F64D1}.Release|Any CPU.ActiveCfg = Release|Any CPU
		{41C4579B-3A6E-472A-B592-3F860C7F64D1}.Release|Any CPU.Build.0 = Release|Any CPU
	EndGlobalSection
	GlobalSection(SolutionProperties) = preSolution
		HideSolutionNode = FALSE
	EndGlobalSection
	GlobalSection(ExtensibilityGlobals) = postSolution
		SolutionGuid = {74699815-0A65-4F5E-A823-359E95C2FD32}
	EndGlobalSection
EndGlobal
